
Microsoft Visual Studio Solution File, Format Version 12.00
# Visual Studio Version 17
VisualStudioVersion = 17.10.34916.146
MinimumVisualStudioVersion = 10.0.40219.1
Project("{9A19103F-16F7-4668-BE54-9A1E7A4F7556}") = "MockTest", "MokTest\MockTest.csproj", "{CE5D3D13-8D4D-4424-953B-290C495D800F}"
EndProject
Project("{9A19103F-16F7-4668-BE54-9A1E7A4F7556}") = "MockTestProject", "MockTestProject\MockTestProject.csproj", "{F654F6B8-DBCC-493C-83DB-CE7B0F55156C}"
EndProject
Global
	GlobalSection(SolutionConfigurationPlatforms) = preSolution
		Debug|Any CPU = Debug|Any CPU
		Release|Any CPU = Release|Any CPU
	EndGlobalSection
	GlobalSection(ProjectConfigurationPlatforms) = postSolution
		{CE5D3D13-8D4D-4424-953B-290C495D800F}.Debug|Any CPU.ActiveCfg = Debug|Any CPU
		{CE5D3D13-8D4D-4424-953B-290C495D800F}.Debug|Any CPU.Build.0 = Debug|Any CPU
		{CE5D3D13-8D4D-4424-953B-290C495D800F}.Release|Any CPU.ActiveCfg = Release|Any CPU
		{CE5D3D13-8D4D-4424-953B-290C495D800F}.Release|Any CPU.Build.0 = Release|Any CPU
		{F654F6B8-DBCC-493C-83DB-CE7B0F55156C}.Debug|Any CPU.ActiveCfg = Debug|Any CPU
		{F654F6B8-DBCC-493C-83DB-CE7B0F55156C}.Debug|Any CPU.Build.0 = Debug|Any CPU
		{F654F6B8-DBCC-493C-83DB-CE7B0F55156C}.Release|Any CPU.ActiveCfg = Release|Any CPU
		{F654F6B8-DBCC-493C-83DB-CE7B0F55156C}.Release|Any CPU.Build.0 = Release|Any CPU
	EndGlobalSection
	GlobalSection(SolutionProperties) = preSolution
		HideSolutionNode = FALSE
	EndGlobalSection
	GlobalSection(ExtensibilityGlobals) = postSolution
		SolutionGuid = {6768DFDB-72E7-4107-BAAB-88FA5499BC88}
	EndGlobalSection
EndGlobal
